
Microsoft Visual Studio Solution File, Format Version 12.00
# Visual Studio Version 16
VisualStudioVersion = 16.0.30413.136
MinimumVisualStudioVersion = 10.0.40219.1
Project("{FAE04EC0-301F-11D3-BF4B-00C04F79EFBC}") = "TextEditor", "TextEditor\TextEditor.csproj", "{2C931298-EEF0-4DCE-8B23-09735EDFF721}"
EndProject
Project("{8BC9CEB8-8B4A-11D0-8D11-00A0C91BC942}") = "Develop", "Develop\Develop.vcxproj", "{5C94A9C5-13F2-4197-B7FD-F389859FAD47}"
EndProject
Global
	GlobalSection(SolutionConfigurationPlatforms) = preSolution
		All|Any CPU = All|Any CPU
		All|ARM = All|ARM
		All|ARM64 = All|ARM64
		All|x64 = All|x64
		All|x86 = All|x86
		Debug|Any CPU = Debug|Any CPU
		Debug|ARM = Debug|ARM
		Debug|ARM64 = Debug|ARM64
		Debug|x64 = Debug|x64
		Debug|x86 = Debug|x86
		Release|Any CPU = Release|Any CPU
		Release|ARM = Release|ARM
		Release|ARM64 = Release|ARM64
		Release|x64 = Release|x64
		Release|x86 = Release|x86
	EndGlobalSection
	GlobalSection(ProjectConfigurationPlatforms) = postSolution
		{2C931298-EEF0-4DCE-8B23-09735EDFF721}.All|Any CPU.ActiveCfg = Release|Any CPU
		{2C931298-EEF0-4DCE-8B23-09735EDFF721}.All|Any CPU.Build.0 = Release|Any CPU
		{2C931298-EEF0-4DCE-8B23-09735EDFF721}.All|ARM.ActiveCfg = Release|ARM
		{2C931298-EEF0-4DCE-8B23-09735EDFF721}.All|ARM.Build.0 = Release|ARM
		{2C931298-EEF0-4DCE-8B23-09735EDFF721}.All|ARM64.ActiveCfg = Release|ARM64
		{2C931298-EEF0-4DCE-8B23-09735EDFF721}.All|ARM64.Build.0 = Release|ARM64
		{2C931298-EEF0-4DCE-8B23-09735EDFF721}.All|x64.ActiveCfg = Release|x64
		{2C931298-EEF0-4DCE-8B23-09735EDFF721}.All|x64.Build.0 = Release|x64
		{2C931298-EEF0-4DCE-8B23-09735EDFF721}.All|x86.ActiveCfg = Release|x86
		{2C931298-EEF0-4DCE-8B23-09735EDFF721}.All|x86.Build.0 = Release|x86
		{2C931298-EEF0-4DCE-8B23-09735EDFF721}.Debug|Any CPU.ActiveCfg = Debug|Any CPU
		{2C931298-EEF0-4DCE-8B23-09735EDFF721}.Debug|Any CPU.Build.0 = Debug|Any CPU
		{2C931298-EEF0-4DCE-8B23-09735EDFF721}.Debug|ARM.ActiveCfg = Debug|ARM
		{2C931298-EEF0-4DCE-8B23-09735EDFF721}.Debug|ARM.Build.0 = Debug|ARM
		{2C931298-EEF0-4DCE-8B23-09735EDFF721}.Debug|ARM64.ActiveCfg = Debug|ARM64
		{2C931298-EEF0-4DCE-8B23-09735EDFF721}.Debug|ARM64.Build.0 = Debug|ARM64
		{2C931298-EEF0-4DCE-8B23-09735EDFF721}.Debug|x64.ActiveCfg = Debug|x64
		{2C931298-EEF0-4DCE-8B23-09735EDFF721}.Debug|x64.Build.0 = Debug|x64
		{2C931298-EEF0-4DCE-8B23-09735EDFF721}.Debug|x86.ActiveCfg = Debug|x86
		{2C931298-EEF0-4DCE-8B23-09735EDFF721}.Debug|x86.Build.0 = Debug|x86
		{2C931298-EEF0-4DCE-8B23-09735EDFF721}.Release|Any CPU.ActiveCfg = Release|Any CPU
		{2C931298-EEF0-4DCE-8B23-09735EDFF721}.Release|Any CPU.Build.0 = Release|Any CPU
		{2C931298-EEF0-4DCE-8B23-09735EDFF721}.Release|ARM.ActiveCfg = Release|ARM
		{2C931298-EEF0-4DCE-8B23-09735EDFF721}.Release|ARM.Build.0 = Release|ARM
		{2C931298-EEF0-4DCE-8B23-09735EDFF721}.Release|ARM64.ActiveCfg = Release|ARM64
		{2C931298-EEF0-4DCE-8B23-09735EDFF721}.Release|ARM64.Build.0 = Release|ARM64
		{2C931298-EEF0-4DCE-8B23-09735EDFF721}.Release|x64.ActiveCfg = Release|x64
		{2C931298-EEF0-4DCE-8B23-09735EDFF721}.Release|x64.Build.0 = Release|x64
		{2C931298-EEF0-4DCE-8B23-09735EDFF721}.Release|x86.ActiveCfg = Release|x86
		{2C931298-EEF0-4DCE-8B23-09735EDFF721}.Release|x86.Build.0 = Release|x86
		{5C94A9C5-13F2-4197-B7FD-F389859FAD47}.All|Any CPU.ActiveCfg = Debug|Win32
		{5C94A9C5-13F2-4197-B7FD-F389859FAD47}.All|Any CPU.Build.0 = Debug|Win32
		{5C94A9C5-13F2-4197-B7FD-F389859FAD47}.All|Any CPU.Deploy.0 = Debug|Win32
		{5C94A9C5-13F2-4197-B7FD-F389859FAD47}.All|ARM.ActiveCfg = Debug|ARM
		{5C94A9C5-13F2-4197-B7FD-F389859FAD47}.All|ARM.Build.0 = Debug|ARM
		{5C94A9C5-13F2-4197-B7FD-F389859FAD47}.All|ARM.Deploy.0 = Debug|ARM
		{5C94A9C5-13F2-4197-B7FD-F389859FAD47}.All|ARM64.ActiveCfg = Debug|ARM64
		{5C94A9C5-13F2-4197-B7FD-F389859FAD47}.All|ARM64.Build.0 = Debug|ARM64
		{5C94A9C5-13F2-4197-B7FD-F389859FAD47}.All|ARM64.Deploy.0 = Debug|ARM64
		{5C94A9C5-13F2-4197-B7FD-F389859FAD47}.All|x64.ActiveCfg = Debug|x64
		{5C94A9C5-13F2-4197-B7FD-F389859FAD47}.All|x64.Build.0 = Debug|x64
		{5C94A9C5-13F2-4197-B7FD-F389859FAD47}.All|x64.Deploy.0 = Debug|x64
		{5C94A9C5-13F2-4197-B7FD-F389859FAD47}.All|x86.ActiveCfg = Debug|Win32
		{5C94A9C5-13F2-4197-B7FD-F389859FAD47}.All|x86.Build.0 = Debug|Win32
		{5C94A9C5-13F2-4197-B7FD-F389859FAD47}.All|x86.Deploy.0 = Debug|Win32
		{5C94A9C5-13F2-4197-B7FD-F389859FAD47}.Debug|Any CPU.ActiveCfg = Debug|Win32
		{5C94A9C5-13F2-4197-B7FD-F389859FAD47}.Debug|ARM.ActiveCfg = Debug|ARM
		{5C94A9C5-13F2-4197-B7FD-F389859FAD47}.Debug|ARM.Build.0 = Debug|ARM
		{5C94A9C5-13F2-4197-B7FD-F389859FAD47}.Debug|ARM.Deploy.0 = Debug|ARM
		{5C94A9C5-13F2-4197-B7FD-F389859FAD47}.Debug|ARM64.ActiveCfg = Debug|ARM64
		{5C94A9C5-13F2-4197-B7FD-F389859FAD47}.Debug|ARM64.Build.0 = Debug|ARM64
		{5C94A9C5-13F2-4197-B7FD-F389859FAD47}.Debug|ARM64.Deploy.0 = Debug|ARM64
		{5C94A9C5-13F2-4197-B7FD-F389859FAD47}.Debug|x64.ActiveCfg = Debug|x64
		{5C94A9C5-13F2-4197-B7FD-F389859FAD47}.Debug|x64.Build.0 = Debug|x64
		{5C94A9C5-13F2-4197-B7FD-F389859FAD47}.Debug|x64.Deploy.0 = Debug|x64
		{5C94A9C5-13F2-4197-B7FD-F389859FAD47}.Debug|x86.ActiveCfg = Debug|Win32
		{5C94A9C5-13F2-4197-B7FD-F389859FAD47}.Debug|x86.Build.0 = Debug|Win32
		{5C94A9C5-13F2-4197-B7FD-F389859FAD47}.Debug|x86.Deploy.0 = Debug|Win32
		{5C94A9C5-13F2-4197-B7FD-F389859FAD47}.Release|Any CPU.ActiveCfg = Release|Win32
		{5C94A9C5-13F2-4197-B7FD-F389859FAD47}.Release|ARM.ActiveCfg = Release|ARM
		{5C94A9C5-13F2-4197-B7FD-F389859FAD47}.Release|ARM.Build.0 = Release|ARM
		{5C94A9C5-13F2-4197-B7FD-F389859FAD47}.Release|ARM.Deploy.0 = Release|ARM
		{5C94A9C5-13F2-4197-B7FD-F389859FAD47}.Release|ARM64.ActiveCfg = Release|ARM64
		{5C94A9C5-13F2-4197-B7FD-F389859FAD47}.Release|ARM64.Build.0 = Release|ARM64
		{5C94A9C5-13F2-4197-B7FD-F389859FAD47}.Release|ARM64.Deploy.0 = Release|ARM64
		{5C94A9C5-13F2-4197-B7FD-F389859FAD47}.Release|x64.ActiveCfg = Release|x64
		{5C94A9C5-13F2-4197-B7FD-F389859FAD47}.Release|x64.Build.0 = Release|x64
		{5C94A9C5-13F2-4197-B7FD-F389859FAD47}.Release|x64.Deploy.0 = Release|x64
		{5C94A9C5-13F2-4197-B7FD-F389859FAD47}.Release|x86.ActiveCfg = Release|Win32
		{5C94A9C5-13F2-4197-B7FD-F389859FAD47}.Release|x86.Build.0 = Release|Win32
		{5C94A9C5-13F2-4197-B7FD-F389859FAD47}.Release|x86.Deploy.0 = Release|Win32
	EndGlobalSection
	GlobalSection(SolutionProperties) = preSolution
		HideSolutionNode = FALSE
	EndGlobalSection
	GlobalSection(ExtensibilityGlobals) = postSolution
		SolutionGuid = {14F7A4A9-166E-434B-BCBB-7804204C5E5D}
	EndGlobalSection
EndGlobal
