
Microsoft Visual Studio Solution File, Format Version 12.00
# Visual Studio Version 16
VisualStudioVersion = 16.0.30413.136
MinimumVisualStudioVersion = 10.0.40219.1
Project("{FAE04EC0-301F-11D3-BF4B-00C04F79EFBC}") = "ProjectCodeEditor", "ProjectCodeEditor\ProjectCodeEditor.csproj", "{1C4E3B76-75E0-477D-BB93-10D79EAC876D}"
EndProject
Project("{9A19103F-16F7-4668-BE54-9A1E7A4F7556}") = "ProjectCodeEditor.Core", "ProjectCodeEditor.Core\ProjectCodeEditor.Core.csproj", "{D9F94A39-3E4F-47E1-8B93-5F906D411371}"
EndProject
Project("{8BC9CEB8-8B4A-11D0-8D11-00A0C91BC942}") = "DevelopComponent", "DevelopComponent\DevelopComponent.vcxproj", "{736D364E-954D-4698-B107-53C42FE34727}"
EndProject
Global
	GlobalSection(SolutionConfigurationPlatforms) = preSolution
		Debug|Any CPU = Debug|Any CPU
		Debug|ARM = Debug|ARM
		Debug|ARM64 = Debug|ARM64
		Debug|x64 = Debug|x64
		Debug|x86 = Debug|x86
		Release|Any CPU = Release|Any CPU
		Release|ARM = Release|ARM
		Release|ARM64 = Release|ARM64
		Release|x64 = Release|x64
		Release|x86 = Release|x86
	EndGlobalSection
	GlobalSection(ProjectConfigurationPlatforms) = postSolution
		{1C4E3B76-75E0-477D-BB93-10D79EAC876D}.Debug|Any CPU.ActiveCfg = Debug|x86
		{1C4E3B76-75E0-477D-BB93-10D79EAC876D}.Debug|ARM.ActiveCfg = Debug|ARM
		{1C4E3B76-75E0-477D-BB93-10D79EAC876D}.Debug|ARM.Build.0 = Debug|ARM
		{1C4E3B76-75E0-477D-BB93-10D79EAC876D}.Debug|ARM.Deploy.0 = Debug|ARM
		{1C4E3B76-75E0-477D-BB93-10D79EAC876D}.Debug|ARM64.ActiveCfg = Debug|ARM64
		{1C4E3B76-75E0-477D-BB93-10D79EAC876D}.Debug|ARM64.Build.0 = Debug|ARM64
		{1C4E3B76-75E0-477D-BB93-10D79EAC876D}.Debug|ARM64.Deploy.0 = Debug|ARM64
		{1C4E3B76-75E0-477D-BB93-10D79EAC876D}.Debug|x64.ActiveCfg = Debug|x64
		{1C4E3B76-75E0-477D-BB93-10D79EAC876D}.Debug|x64.Build.0 = Debug|x64
		{1C4E3B76-75E0-477D-BB93-10D79EAC876D}.Debug|x64.Deploy.0 = Debug|x64
		{1C4E3B76-75E0-477D-BB93-10D79EAC876D}.Debug|x86.ActiveCfg = Debug|x86
		{1C4E3B76-75E0-477D-BB93-10D79EAC876D}.Debug|x86.Build.0 = Debug|x86
		{1C4E3B76-75E0-477D-BB93-10D79EAC876D}.Debug|x86.Deploy.0 = Debug|x86
		{1C4E3B76-75E0-477D-BB93-10D79EAC876D}.Release|Any CPU.ActiveCfg = Release|x86
		{1C4E3B76-75E0-477D-BB93-10D79EAC876D}.Release|ARM.ActiveCfg = Release|ARM
		{1C4E3B76-75E0-477D-BB93-10D79EAC876D}.Release|ARM.Build.0 = Release|ARM
		{1C4E3B76-75E0-477D-BB93-10D79EAC876D}.Release|ARM.Deploy.0 = Release|ARM
		{1C4E3B76-75E0-477D-BB93-10D79EAC876D}.Release|ARM64.ActiveCfg = Release|ARM64
		{1C4E3B76-75E0-477D-BB93-10D79EAC876D}.Release|ARM64.Build.0 = Release|ARM64
		{1C4E3B76-75E0-477D-BB93-10D79EAC876D}.Release|ARM64.Deploy.0 = Release|ARM64
		{1C4E3B76-75E0-477D-BB93-10D79EAC876D}.Release|x64.ActiveCfg = Release|x64
		{1C4E3B76-75E0-477D-BB93-10D79EAC876D}.Release|x64.Build.0 = Release|x64
		{1C4E3B76-75E0-477D-BB93-10D79EAC876D}.Release|x64.Deploy.0 = Release|x64
		{1C4E3B76-75E0-477D-BB93-10D79EAC876D}.Release|x86.ActiveCfg = Release|x86
		{1C4E3B76-75E0-477D-BB93-10D79EAC876D}.Release|x86.Build.0 = Release|x86
		{1C4E3B76-75E0-477D-BB93-10D79EAC876D}.Release|x86.Deploy.0 = Release|x86
		{D9F94A39-3E4F-47E1-8B93-5F906D411371}.Debug|Any CPU.ActiveCfg = Debug|Any CPU
		{D9F94A39-3E4F-47E1-8B93-5F906D411371}.Debug|Any CPU.Build.0 = Debug|Any CPU
		{D9F94A39-3E4F-47E1-8B93-5F906D411371}.Debug|ARM.ActiveCfg = Debug|Any CPU
		{D9F94A39-3E4F-47E1-8B93-5F906D411371}.Debug|ARM.Build.0 = Debug|Any CPU
		{D9F94A39-3E4F-47E1-8B93-5F906D411371}.Debug|ARM64.ActiveCfg = Debug|Any CPU
		{D9F94A39-3E4F-47E1-8B93-5F906D411371}.Debug|ARM64.Build.0 = Debug|Any CPU
		{D9F94A39-3E4F-47E1-8B93-5F906D411371}.Debug|x64.ActiveCfg = Debug|Any CPU
		{D9F94A39-3E4F-47E1-8B93-5F906D411371}.Debug|x64.Build.0 = Debug|Any CPU
		{D9F94A39-3E4F-47E1-8B93-5F906D411371}.Debug|x86.ActiveCfg = Debug|Any CPU
		{D9F94A39-3E4F-47E1-8B93-5F906D411371}.Debug|x86.Build.0 = Debug|Any CPU
		{D9F94A39-3E4F-47E1-8B93-5F906D411371}.Release|Any CPU.ActiveCfg = Release|Any CPU
		{D9F94A39-3E4F-47E1-8B93-5F906D411371}.Release|Any CPU.Build.0 = Release|Any CPU
		{D9F94A39-3E4F-47E1-8B93-5F906D411371}.Release|ARM.ActiveCfg = Release|Any CPU
		{D9F94A39-3E4F-47E1-8B93-5F906D411371}.Release|ARM.Build.0 = Release|Any CPU
		{D9F94A39-3E4F-47E1-8B93-5F906D411371}.Release|ARM64.ActiveCfg = Release|Any CPU
		{D9F94A39-3E4F-47E1-8B93-5F906D411371}.Release|ARM64.Build.0 = Release|Any CPU
		{D9F94A39-3E4F-47E1-8B93-5F906D411371}.Release|x64.ActiveCfg = Release|Any CPU
		{D9F94A39-3E4F-47E1-8B93-5F906D411371}.Release|x64.Build.0 = Release|Any CPU
		{D9F94A39-3E4F-47E1-8B93-5F906D411371}.Release|x86.ActiveCfg = Release|Any CPU
		{D9F94A39-3E4F-47E1-8B93-5F906D411371}.Release|x86.Build.0 = Release|Any CPU
		{736D364E-954D-4698-B107-53C42FE34727}.Debug|Any CPU.ActiveCfg = Debug|Win32
		{736D364E-954D-4698-B107-53C42FE34727}.Debug|ARM.ActiveCfg = Debug|ARM
		{736D364E-954D-4698-B107-53C42FE34727}.Debug|ARM.Build.0 = Debug|ARM
		{736D364E-954D-4698-B107-53C42FE34727}.Debug|ARM64.ActiveCfg = Debug|ARM64
		{736D364E-954D-4698-B107-53C42FE34727}.Debug|ARM64.Build.0 = Debug|ARM64
		{736D364E-954D-4698-B107-53C42FE34727}.Debug|x64.ActiveCfg = Debug|x64
		{736D364E-954D-4698-B107-53C42FE34727}.Debug|x64.Build.0 = Debug|x64
		{736D364E-954D-4698-B107-53C42FE34727}.Debug|x86.ActiveCfg = Debug|Win32
		{736D364E-954D-4698-B107-53C42FE34727}.Debug|x86.Build.0 = Debug|Win32
		{736D364E-954D-4698-B107-53C42FE34727}.Release|Any CPU.ActiveCfg = Release|Win32
		{736D364E-954D-4698-B107-53C42FE34727}.Release|ARM.ActiveCfg = Release|ARM
		{736D364E-954D-4698-B107-53C42FE34727}.Release|ARM.Build.0 = Release|ARM
		{736D364E-954D-4698-B107-53C42FE34727}.Release|ARM64.ActiveCfg = Release|ARM64
		{736D364E-954D-4698-B107-53C42FE34727}.Release|ARM64.Build.0 = Release|ARM64
		{736D364E-954D-4698-B107-53C42FE34727}.Release|x64.ActiveCfg = Release|x64
		{736D364E-954D-4698-B107-53C42FE34727}.Release|x64.Build.0 = Release|x64
		{736D364E-954D-4698-B107-53C42FE34727}.Release|x86.ActiveCfg = Release|Win32
		{736D364E-954D-4698-B107-53C42FE34727}.Release|x86.Build.0 = Release|Win32
	EndGlobalSection
	GlobalSection(SolutionProperties) = preSolution
		HideSolutionNode = FALSE
	EndGlobalSection
	GlobalSection(ExtensibilityGlobals) = postSolution
		SolutionGuid = {14F7A4A9-166E-434B-BCBB-7804204C5E5D}
	EndGlobalSection
EndGlobal
