
Microsoft Visual Studio Solution File, Format Version 12.00
# Visual Studio Version 16
VisualStudioVersion = 16.0.30413.136
MinimumVisualStudioVersion = 10.0.40219.1
Project("{FAE04EC0-301F-11D3-BF4B-00C04F79EFBC}") = "ProjectCodeEditor", "ProjectCodeEditor\ProjectCodeEditor.csproj", "{1C4E3B76-75E0-477D-BB93-10D79EAC876D}"
EndProject
Project("{9A19103F-16F7-4668-BE54-9A1E7A4F7556}") = "ProjectCodeEditor.Core", "ProjectCodeEditor.Core\ProjectCodeEditor.Core.csproj", "{D9F94A39-3E4F-47E1-8B93-5F906D411371}"
EndProject
Project("{FAE04EC0-301F-11D3-BF4B-00C04F79EFBC}") = "TextEditorUWP", "TextEditorUWP\TextEditorUWP.csproj", "{2C931298-EEF0-4DCE-8B23-09735EDFF721}"
EndProject
Project("{2150E333-8FDC-42A3-9474-1A3956D46DE8}") = "Automation", "Automation", "{9C8D842F-175F-4C57-B070-D645F542F4EA}"
EndProject
Project("{9A19103F-16F7-4668-BE54-9A1E7A4F7556}") = "ArrayWriter", "ArrayWriter\ArrayWriter.csproj", "{F9D785A2-4EA0-416B-A64C-5842EA84C7C0}"
EndProject
Global
	GlobalSection(SolutionConfigurationPlatforms) = preSolution
		Debug|Any CPU = Debug|Any CPU
		Debug|ARM = Debug|ARM
		Debug|ARM64 = Debug|ARM64
		Debug|x64 = Debug|x64
		Debug|x86 = Debug|x86
		Release|Any CPU = Release|Any CPU
		Release|ARM = Release|ARM
		Release|ARM64 = Release|ARM64
		Release|x64 = Release|x64
		Release|x86 = Release|x86
	EndGlobalSection
	GlobalSection(ProjectConfigurationPlatforms) = postSolution
		{1C4E3B76-75E0-477D-BB93-10D79EAC876D}.Debug|Any CPU.ActiveCfg = Debug|x86
		{1C4E3B76-75E0-477D-BB93-10D79EAC876D}.Debug|Any CPU.Build.0 = Debug|x86
		{1C4E3B76-75E0-477D-BB93-10D79EAC876D}.Debug|Any CPU.Deploy.0 = Debug|x86
		{1C4E3B76-75E0-477D-BB93-10D79EAC876D}.Debug|ARM.ActiveCfg = Debug|ARM
		{1C4E3B76-75E0-477D-BB93-10D79EAC876D}.Debug|ARM.Build.0 = Debug|ARM
		{1C4E3B76-75E0-477D-BB93-10D79EAC876D}.Debug|ARM.Deploy.0 = Debug|ARM
		{1C4E3B76-75E0-477D-BB93-10D79EAC876D}.Debug|ARM64.ActiveCfg = Debug|ARM64
		{1C4E3B76-75E0-477D-BB93-10D79EAC876D}.Debug|ARM64.Build.0 = Debug|ARM64
		{1C4E3B76-75E0-477D-BB93-10D79EAC876D}.Debug|ARM64.Deploy.0 = Debug|ARM64
		{1C4E3B76-75E0-477D-BB93-10D79EAC876D}.Debug|x64.ActiveCfg = Debug|x64
		{1C4E3B76-75E0-477D-BB93-10D79EAC876D}.Debug|x64.Build.0 = Debug|x64
		{1C4E3B76-75E0-477D-BB93-10D79EAC876D}.Debug|x64.Deploy.0 = Debug|x64
		{1C4E3B76-75E0-477D-BB93-10D79EAC876D}.Debug|x86.ActiveCfg = Debug|x86
		{1C4E3B76-75E0-477D-BB93-10D79EAC876D}.Debug|x86.Build.0 = Debug|x86
		{1C4E3B76-75E0-477D-BB93-10D79EAC876D}.Debug|x86.Deploy.0 = Debug|x86
		{1C4E3B76-75E0-477D-BB93-10D79EAC876D}.Release|Any CPU.ActiveCfg = Release|x86
		{1C4E3B76-75E0-477D-BB93-10D79EAC876D}.Release|ARM.ActiveCfg = Release|ARM
		{1C4E3B76-75E0-477D-BB93-10D79EAC876D}.Release|ARM.Build.0 = Release|ARM
		{1C4E3B76-75E0-477D-BB93-10D79EAC876D}.Release|ARM.Deploy.0 = Release|ARM
		{1C4E3B76-75E0-477D-BB93-10D79EAC876D}.Release|ARM64.ActiveCfg = Release|ARM64
		{1C4E3B76-75E0-477D-BB93-10D79EAC876D}.Release|ARM64.Build.0 = Release|ARM64
		{1C4E3B76-75E0-477D-BB93-10D79EAC876D}.Release|ARM64.Deploy.0 = Release|ARM64
		{1C4E3B76-75E0-477D-BB93-10D79EAC876D}.Release|x64.ActiveCfg = Release|x64
		{1C4E3B76-75E0-477D-BB93-10D79EAC876D}.Release|x64.Build.0 = Release|x64
		{1C4E3B76-75E0-477D-BB93-10D79EAC876D}.Release|x64.Deploy.0 = Release|x64
		{1C4E3B76-75E0-477D-BB93-10D79EAC876D}.Release|x86.ActiveCfg = Release|x86
		{1C4E3B76-75E0-477D-BB93-10D79EAC876D}.Release|x86.Build.0 = Release|x86
		{1C4E3B76-75E0-477D-BB93-10D79EAC876D}.Release|x86.Deploy.0 = Release|x86
		{D9F94A39-3E4F-47E1-8B93-5F906D411371}.Debug|Any CPU.ActiveCfg = Debug|Any CPU
		{D9F94A39-3E4F-47E1-8B93-5F906D411371}.Debug|Any CPU.Build.0 = Debug|Any CPU
		{D9F94A39-3E4F-47E1-8B93-5F906D411371}.Debug|ARM.ActiveCfg = Debug|Any CPU
		{D9F94A39-3E4F-47E1-8B93-5F906D411371}.Debug|ARM.Build.0 = Debug|Any CPU
		{D9F94A39-3E4F-47E1-8B93-5F906D411371}.Debug|ARM64.ActiveCfg = Debug|Any CPU
		{D9F94A39-3E4F-47E1-8B93-5F906D411371}.Debug|ARM64.Build.0 = Debug|Any CPU
		{D9F94A39-3E4F-47E1-8B93-5F906D411371}.Debug|x64.ActiveCfg = Debug|Any CPU
		{D9F94A39-3E4F-47E1-8B93-5F906D411371}.Debug|x64.Build.0 = Debug|Any CPU
		{D9F94A39-3E4F-47E1-8B93-5F906D411371}.Debug|x86.ActiveCfg = Debug|Any CPU
		{D9F94A39-3E4F-47E1-8B93-5F906D411371}.Debug|x86.Build.0 = Debug|Any CPU
		{D9F94A39-3E4F-47E1-8B93-5F906D411371}.Release|Any CPU.ActiveCfg = Release|Any CPU
		{D9F94A39-3E4F-47E1-8B93-5F906D411371}.Release|Any CPU.Build.0 = Release|Any CPU
		{D9F94A39-3E4F-47E1-8B93-5F906D411371}.Release|ARM.ActiveCfg = Release|Any CPU
		{D9F94A39-3E4F-47E1-8B93-5F906D411371}.Release|ARM.Build.0 = Release|Any CPU
		{D9F94A39-3E4F-47E1-8B93-5F906D411371}.Release|ARM64.ActiveCfg = Release|Any CPU
		{D9F94A39-3E4F-47E1-8B93-5F906D411371}.Release|ARM64.Build.0 = Release|Any CPU
		{D9F94A39-3E4F-47E1-8B93-5F906D411371}.Release|x64.ActiveCfg = Release|Any CPU
		{D9F94A39-3E4F-47E1-8B93-5F906D411371}.Release|x64.Build.0 = Release|Any CPU
		{D9F94A39-3E4F-47E1-8B93-5F906D411371}.Release|x86.ActiveCfg = Release|Any CPU
		{D9F94A39-3E4F-47E1-8B93-5F906D411371}.Release|x86.Build.0 = Release|Any CPU
		{2C931298-EEF0-4DCE-8B23-09735EDFF721}.Debug|Any CPU.ActiveCfg = Debug|Any CPU
		{2C931298-EEF0-4DCE-8B23-09735EDFF721}.Debug|Any CPU.Build.0 = Debug|Any CPU
		{2C931298-EEF0-4DCE-8B23-09735EDFF721}.Debug|ARM.ActiveCfg = Debug|ARM
		{2C931298-EEF0-4DCE-8B23-09735EDFF721}.Debug|ARM.Build.0 = Debug|ARM
		{2C931298-EEF0-4DCE-8B23-09735EDFF721}.Debug|ARM64.ActiveCfg = Debug|ARM64
		{2C931298-EEF0-4DCE-8B23-09735EDFF721}.Debug|ARM64.Build.0 = Debug|ARM64
		{2C931298-EEF0-4DCE-8B23-09735EDFF721}.Debug|x64.ActiveCfg = Debug|x64
		{2C931298-EEF0-4DCE-8B23-09735EDFF721}.Debug|x64.Build.0 = Debug|x64
		{2C931298-EEF0-4DCE-8B23-09735EDFF721}.Debug|x86.ActiveCfg = Debug|x86
		{2C931298-EEF0-4DCE-8B23-09735EDFF721}.Debug|x86.Build.0 = Debug|x86
		{2C931298-EEF0-4DCE-8B23-09735EDFF721}.Release|Any CPU.ActiveCfg = Release|Any CPU
		{2C931298-EEF0-4DCE-8B23-09735EDFF721}.Release|Any CPU.Build.0 = Release|Any CPU
		{2C931298-EEF0-4DCE-8B23-09735EDFF721}.Release|ARM.ActiveCfg = Release|ARM
		{2C931298-EEF0-4DCE-8B23-09735EDFF721}.Release|ARM.Build.0 = Release|ARM
		{2C931298-EEF0-4DCE-8B23-09735EDFF721}.Release|ARM64.ActiveCfg = Release|ARM64
		{2C931298-EEF0-4DCE-8B23-09735EDFF721}.Release|ARM64.Build.0 = Release|ARM64
		{2C931298-EEF0-4DCE-8B23-09735EDFF721}.Release|x64.ActiveCfg = Release|x64
		{2C931298-EEF0-4DCE-8B23-09735EDFF721}.Release|x64.Build.0 = Release|x64
		{2C931298-EEF0-4DCE-8B23-09735EDFF721}.Release|x86.ActiveCfg = Release|x86
		{2C931298-EEF0-4DCE-8B23-09735EDFF721}.Release|x86.Build.0 = Release|x86
		{F9D785A2-4EA0-416B-A64C-5842EA84C7C0}.Debug|Any CPU.ActiveCfg = Debug|Any CPU
		{F9D785A2-4EA0-416B-A64C-5842EA84C7C0}.Debug|Any CPU.Build.0 = Debug|Any CPU
		{F9D785A2-4EA0-416B-A64C-5842EA84C7C0}.Debug|ARM.ActiveCfg = Debug|Any CPU
		{F9D785A2-4EA0-416B-A64C-5842EA84C7C0}.Debug|ARM.Build.0 = Debug|Any CPU
		{F9D785A2-4EA0-416B-A64C-5842EA84C7C0}.Debug|ARM64.ActiveCfg = Debug|Any CPU
		{F9D785A2-4EA0-416B-A64C-5842EA84C7C0}.Debug|ARM64.Build.0 = Debug|Any CPU
		{F9D785A2-4EA0-416B-A64C-5842EA84C7C0}.Debug|x64.ActiveCfg = Debug|Any CPU
		{F9D785A2-4EA0-416B-A64C-5842EA84C7C0}.Debug|x64.Build.0 = Debug|Any CPU
		{F9D785A2-4EA0-416B-A64C-5842EA84C7C0}.Debug|x86.ActiveCfg = Debug|Any CPU
		{F9D785A2-4EA0-416B-A64C-5842EA84C7C0}.Debug|x86.Build.0 = Debug|Any CPU
		{F9D785A2-4EA0-416B-A64C-5842EA84C7C0}.Release|Any CPU.ActiveCfg = Release|Any CPU
		{F9D785A2-4EA0-416B-A64C-5842EA84C7C0}.Release|Any CPU.Build.0 = Release|Any CPU
		{F9D785A2-4EA0-416B-A64C-5842EA84C7C0}.Release|ARM.ActiveCfg = Release|Any CPU
		{F9D785A2-4EA0-416B-A64C-5842EA84C7C0}.Release|ARM.Build.0 = Release|Any CPU
		{F9D785A2-4EA0-416B-A64C-5842EA84C7C0}.Release|ARM64.ActiveCfg = Release|Any CPU
		{F9D785A2-4EA0-416B-A64C-5842EA84C7C0}.Release|ARM64.Build.0 = Release|Any CPU
		{F9D785A2-4EA0-416B-A64C-5842EA84C7C0}.Release|x64.ActiveCfg = Release|Any CPU
		{F9D785A2-4EA0-416B-A64C-5842EA84C7C0}.Release|x64.Build.0 = Release|Any CPU
		{F9D785A2-4EA0-416B-A64C-5842EA84C7C0}.Release|x86.ActiveCfg = Release|Any CPU
		{F9D785A2-4EA0-416B-A64C-5842EA84C7C0}.Release|x86.Build.0 = Release|Any CPU
	EndGlobalSection
	GlobalSection(SolutionProperties) = preSolution
		HideSolutionNode = FALSE
	EndGlobalSection
	GlobalSection(NestedProjects) = preSolution
		{F9D785A2-4EA0-416B-A64C-5842EA84C7C0} = {9C8D842F-175F-4C57-B070-D645F542F4EA}
	EndGlobalSection
	GlobalSection(ExtensibilityGlobals) = postSolution
		SolutionGuid = {14F7A4A9-166E-434B-BCBB-7804204C5E5D}
	EndGlobalSection
EndGlobal
