<?xml version="1.0" encoding="utf-8"?>
<Project ToolsVersion="4.0" xmlns="http://schemas.microsoft.com/developer/msbuild/2003">
  <ItemGroup>
    <ApplicationDefinition Include="App.xaml" />
  </ItemGroup>
  <ItemGroup>
    <Page Include="MainPage.xaml" />
    <Page Include="HomePage.xaml" />
    <Page Include="SettingsView.xaml">
      <Filter>HomeViews</Filter>
    </Page>
    <Page Include="AboutDialog.xaml">
      <Filter>Dialogs</Filter>
    </Page>
    <Page Include="CodeEditor.xaml" />
  </ItemGroup>
  <ItemGroup>
    <Midl Include="App.idl" />
    <Midl Include="MainPage.idl" />
    <Midl Include="AppSettings.idl">
      <Filter>ViewModels</Filter>
    </Midl>
    <Midl Include="ShellViewModel.idl">
      <Filter>ViewModels</Filter>
    </Midl>
    <Midl Include="ShellView.idl">
      <Filter>Models</Filter>
    </Midl>
    <Midl Include="SettingsViewModel.idl">
      <Filter>ViewModels</Filter>
    </Midl>
    <Midl Include="IAsyncClosable.idl" />
  </ItemGroup>
  <ItemGroup>
    <ClCompile Include="pch.cpp" />
    <ClCompile Include="App.cpp" />
    <ClCompile Include="MainPage.cpp" />
    <ClCompile Include="$(GeneratedFilesDir)module.g.cpp" />
  </ItemGroup>
  <ItemGroup>
    <ClInclude Include="pch.h" />
  </ItemGroup>
  <ItemGroup>
    <Image Include="Assets\Wide310x150Logo.scale-200.png">
      <Filter>Assets</Filter>
    </Image>
    <Image Include="Assets\StoreLogo.png">
      <Filter>Assets</Filter>
    </Image>
    <Image Include="Assets\Square150x150Logo.scale-200.png">
      <Filter>Assets</Filter>
    </Image>
    <Image Include="Assets\Square44x44Logo.targetsize-24_altform-unplated.png">
      <Filter>Assets</Filter>
    </Image>
    <Image Include="Assets\Square44x44Logo.scale-200.png">
      <Filter>Assets</Filter>
    </Image>
    <Image Include="Assets\SplashScreen.scale-200.png">
      <Filter>Assets</Filter>
    </Image>
    <Image Include="Assets\LockScreenLogo.scale-200.png">
      <Filter>Assets</Filter>
    </Image>
  </ItemGroup>
  <ItemGroup>
    <AppxManifest Include="Package.appxmanifest" />
  </ItemGroup>
  <ItemGroup>
    <Filter Include="Assets">
      <UniqueIdentifier>{e48dc53e-40b1-40cb-970a-f89935452892}</UniqueIdentifier>
    </Filter>
    <Filter Include="ViewModels">
      <UniqueIdentifier>{905796c8-c7ba-4c8f-a3ff-d7b48eba4187}</UniqueIdentifier>
    </Filter>
    <Filter Include="Strings">
      <UniqueIdentifier>{5be17ea9-9f66-47a3-b001-c3aaa171b490}</UniqueIdentifier>
    </Filter>
    <Filter Include="Strings\en-us">
      <UniqueIdentifier>{42168fee-b7e5-4cf5-8361-fc75051b77dd}</UniqueIdentifier>
    </Filter>
    <Filter Include="Models">
      <UniqueIdentifier>{f600a1f9-9524-4238-822f-04629fbd72cc}</UniqueIdentifier>
    </Filter>
    <Filter Include="HomeViews">
      <UniqueIdentifier>{f520273c-3fcd-402d-bbb4-0f0bb09f6de6}</UniqueIdentifier>
    </Filter>
    <Filter Include="Dialogs">
      <UniqueIdentifier>{a9d6bff1-a2ed-49e9-a825-60d5fff73e67}</UniqueIdentifier>
    </Filter>
  </ItemGroup>
  <ItemGroup>
    <None Include="PropertySheet.props" />
    <None Include="packages.config" />
    <None Include="Assets\FileTypes">
      <Filter>Assets</Filter>
    </None>
    <None Include="Assets\Develop.svg">
      <Filter>Assets</Filter>
    </None>
  </ItemGroup>
  <ItemGroup>
    <Text Include="readme.txt" />
  </ItemGroup>
  <ItemGroup>
    <PRIResource Include="Strings\en-us\Resources.resw">
      <Filter>Strings\en-us</Filter>
    </PRIResource>
  </ItemGroup>
</Project>